// !$*UTF8*$!
{
	archiveVersion = 1;
	classes = {
	};
	objectVersion = 46;
	objects = {

/* Begin PBXBuildFile section */
		507CA5C419438E7F00E3222F /* Foundation.framework in Frameworks */ = {isa = PBXBuildFile; fileRef = 507CA5C319438E7F00E3222F /* Foundation.framework */; };
		507CA5C619438E7F00E3222F /* CoreGraphics.framework in Frameworks */ = {isa = PBXBuildFile; fileRef = 507CA5C519438E7F00E3222F /* CoreGraphics.framework */; };
		507CA5C819438E7F00E3222F /* UIKit.framework in Frameworks */ = {isa = PBXBuildFile; fileRef = 507CA5C719438E7F00E3222F /* UIKit.framework */; };
		507CA5CE19438E7F00E3222F /* InfoPlist.strings in Resources */ = {isa = PBXBuildFile; fileRef = 507CA5CC19438E7F00E3222F /* InfoPlist.strings */; };
		507CA5D019438E7F00E3222F /* main.m in Sources */ = {isa = PBXBuildFile; fileRef = 507CA5CF19438E7F00E3222F /* main.m */; };
		507CA5D419438E7F00E3222F /* AppDelegate.m in Sources */ = {isa = PBXBuildFile; fileRef = 507CA5D319438E7F00E3222F /* AppDelegate.m */; };
		507CA5D719438E7F00E3222F /* Main.storyboard in Resources */ = {isa = PBXBuildFile; fileRef = 507CA5D519438E7F00E3222F /* Main.storyboard */; };
		507CA5DA19438E7F00E3222F /* ViewController.m in Sources */ = {isa = PBXBuildFile; fileRef = 507CA5D919438E7F00E3222F /* ViewController.m */; };
		507CA5DC19438E7F00E3222F /* Images.xcassets in Resources */ = {isa = PBXBuildFile; fileRef = 507CA5DB19438E7F00E3222F /* Images.xcassets */; };
		507CA5E319438E7F00E3222F /* XCTest.framework in Frameworks */ = {isa = PBXBuildFile; fileRef = 507CA5E219438E7F00E3222F /* XCTest.framework */; };
		507CA5E419438E7F00E3222F /* Foundation.framework in Frameworks */ = {isa = PBXBuildFile; fileRef = 507CA5C319438E7F00E3222F /* Foundation.framework */; };
		507CA5E519438E7F00E3222F /* UIKit.framework in Frameworks */ = {isa = PBXBuildFile; fileRef = 507CA5C719438E7F00E3222F /* UIKit.framework */; };
		507CA5ED19438E7F00E3222F /* InfoPlist.strings in Resources */ = {isa = PBXBuildFile; fileRef = 507CA5EB19438E7F00E3222F /* InfoPlist.strings */; };
		507CA5EF19438E7F00E3222F /* containerviewTests.m in Sources */ = {isa = PBXBuildFile; fileRef = 507CA5EE19438E7F00E3222F /* containerviewTests.m */; };
/* End PBXBuildFile section */

/* Begin PBXContainerItemProxy section */
		507CA5E619438E7F00E3222F /* PBXContainerItemProxy */ = {
			isa = PBXContainerItemProxy;
			containerPortal = 507CA5B819438E7F00E3222F /* Project object */;
			proxyType = 1;
			remoteGlobalIDString = 507CA5BF19438E7F00E3222F;
			remoteInfo = containerview;
		};
/* End PBXContainerItemProxy section */

/* Begin PBXFileReference section */
		507CA5C019438E7F00E3222F /* containerview.app */ = {isa = PBXFileReference; explicitFileType = wrapper.application; includeInIndex = 0; path = containerview.app; sourceTree = BUILT_PRODUCTS_DIR; };
		507CA5C319438E7F00E3222F /* Foundation.framework */ = {isa = PBXFileReference; lastKnownFileType = wrapper.framework; name = Foundation.framework; path = System/Library/Frameworks/Foundation.framework; sourceTree = SDKROOT; };
		507CA5C519438E7F00E3222F /* CoreGraphics.framework */ = {isa = PBXFileReference; lastKnownFileType = wrapper.framework; name = CoreGraphics.framework; path = System/Library/Frameworks/CoreGraphics.framework; sourceTree = SDKROOT; };
		507CA5C719438E7F00E3222F /* UIKit.framework */ = {isa = PBXFileReference; lastKnownFileType = wrapper.framework; name = UIKit.framework; path = System/Library/Frameworks/UIKit.framework; sourceTree = SDKROOT; };
		507CA5CB19438E7F00E3222F /* containerview-Info.plist */ = {isa = PBXFileReference; lastKnownFileType = text.plist.xml; path = "containerview-Info.plist"; sourceTree = "<group>"; };
		507CA5CD19438E7F00E3222F /* en */ = {isa = PBXFileReference; lastKnownFileType = text.plist.strings; name = en; path = en.lproj/InfoPlist.strings; sourceTree = "<group>"; };
		507CA5CF19438E7F00E3222F /* main.m */ = {isa = PBXFileReference; lastKnownFileType = sourcecode.c.objc; path = main.m; sourceTree = "<group>"; };
		507CA5D119438E7F00E3222F /* containerview-Prefix.pch */ = {isa = PBXFileReference; lastKnownFileType = sourcecode.c.h; path = "containerview-Prefix.pch"; sourceTree = "<group>"; };
		507CA5D219438E7F00E3222F /* AppDelegate.h */ = {isa = PBXFileReference; lastKnownFileType = sourcecode.c.h; path = AppDelegate.h; sourceTree = "<group>"; };
		507CA5D319438E7F00E3222F /* AppDelegate.m */ = {isa = PBXFileReference; lastKnownFileType = sourcecode.c.objc; path = AppDelegate.m; sourceTree = "<group>"; };
		507CA5D619438E7F00E3222F /* Base */ = {isa = PBXFileReference; lastKnownFileType = file.storyboard; name = Base; path = Base.lproj/Main.storyboard; sourceTree = "<group>"; };
		507CA5D819438E7F00E3222F /* ViewController.h */ = {isa = PBXFileReference; lastKnownFileType = sourcecode.c.h; path = ViewController.h; sourceTree = "<group>"; };
		507CA5D919438E7F00E3222F /* ViewController.m */ = {isa = PBXFileReference; lastKnownFileType = sourcecode.c.objc; path = ViewController.m; sourceTree = "<group>"; };
		507CA5DB19438E7F00E3222F /* Images.xcassets */ = {isa = PBXFileReference; lastKnownFileType = folder.assetcatalog; path = Images.xcassets; sourceTree = "<group>"; };
		507CA5E119438E7F00E3222F /* containerviewTests.xctest */ = {isa = PBXFileReference; explicitFileType = wrapper.cfbundle; includeInIndex = 0; path = containerviewTests.xctest; sourceTree = BUILT_PRODUCTS_DIR; };
		507CA5E219438E7F00E3222F /* XCTest.framework */ = {isa = PBXFileReference; lastKnownFileType = wrapper.framework; name = XCTest.framework; path = Library/Frameworks/XCTest.framework; sourceTree = DEVELOPER_DIR; };
		507CA5EA19438E7F00E3222F /* containerviewTests-Info.plist */ = {isa = PBXFileReference; lastKnownFileType = text.plist.xml; path = "containerviewTests-Info.plist"; sourceTree = "<group>"; };
		507CA5EC19438E7F00E3222F /* en */ = {isa = PBXFileReference; lastKnownFileType = text.plist.strings; name = en; path = en.lproj/InfoPlist.strings; sourceTree = "<group>"; };
		507CA5EE19438E7F00E3222F /* containerviewTests.m */ = {isa = PBXFileReference; lastKnownFileType = sourcecode.c.objc; path = containerviewTests.m; sourceTree = "<group>"; };
/* End PBXFileReference section */

/* Begin PBXFrameworksBuildPhase section */
		507CA5BD19438E7F00E3222F /* Frameworks */ = {
			isa = PBXFrameworksBuildPhase;
			buildActionMask = 2147483647;
			files = (
				507CA5C619438E7F00E3222F /* CoreGraphics.framework in Frameworks */,
				507CA5C819438E7F00E3222F /* UIKit.framework in Frameworks */,
				507CA5C419438E7F00E3222F /* Foundation.framework in Frameworks */,
			);
			runOnlyForDeploymentPostprocessing = 0;
		};
		507CA5DE19438E7F00E3222F /* Frameworks */ = {
			isa = PBXFrameworksBuildPhase;
			buildActionMask = 2147483647;
			files = (
				507CA5E319438E7F00E3222F /* XCTest.framework in Frameworks */,
				507CA5E519438E7F00E3222F /* UIKit.framework in Frameworks */,
				507CA5E419438E7F00E3222F /* Foundation.framework in Frameworks */,
			);
			runOnlyForDeploymentPostprocessing = 0;
		};
/* End PBXFrameworksBuildPhase section */

/* Begin PBXGroup section */
		507CA5B719438E7F00E3222F = {
			isa = PBXGroup;
			children = (
				507CA5C919438E7F00E3222F /* containerview */,
				507CA5E819438E7F00E3222F /* containerviewTests */,
				507CA5C219438E7F00E3222F /* Frameworks */,
				507CA5C119438E7F00E3222F /* Products */,
			);
			sourceTree = "<group>";
		};
		507CA5C119438E7F00E3222F /* Products */ = {
			isa = PBXGroup;
			children = (
				507CA5C019438E7F00E3222F /* containerview.app */,
				507CA5E119438E7F00E3222F /* containerviewTests.xctest */,
			);
			name = Products;
			sourceTree = "<group>";
		};
		507CA5C219438E7F00E3222F /* Frameworks */ = {
			isa = PBXGroup;
			children = (
				507CA5C319438E7F00E3222F /* Foundation.framework */,
				507CA5C519438E7F00E3222F /* CoreGraphics.framework */,
				507CA5C719438E7F00E3222F /* UIKit.framework */,
				507CA5E219438E7F00E3222F /* XCTest.framework */,
			);
			name = Frameworks;
			sourceTree = "<group>";
		};
		507CA5C919438E7F00E3222F /* containerview */ = {
			isa = PBXGroup;
			children = (
				507CA5D219438E7F00E3222F /* AppDelegate.h */,
				507CA5D319438E7F00E3222F /* AppDelegate.m */,
				507CA5D519438E7F00E3222F /* Main.storyboard */,
				507CA5D819438E7F00E3222F /* ViewController.h */,
				507CA5D919438E7F00E3222F /* ViewController.m */,
				507CA5DB19438E7F00E3222F /* Images.xcassets */,
				507CA5CA19438E7F00E3222F /* Supporting Files */,
			);
			path = containerview;
			sourceTree = "<group>";
		};
		507CA5CA19438E7F00E3222F /* Supporting Files */ = {
			isa = PBXGroup;
			children = (
				507CA5CB19438E7F00E3222F /* containerview-Info.plist */,
				507CA5CC19438E7F00E3222F /* InfoPlist.strings */,
				507CA5CF19438E7F00E3222F /* main.m */,
				507CA5D119438E7F00E3222F /* containerview-Prefix.pch */,
			);
			name = "Supporting Files";
			sourceTree = "<group>";
		};
		507CA5E819438E7F00E3222F /* containerviewTests */ = {
			isa = PBXGroup;
			children = (
				507CA5EE19438E7F00E3222F /* containerviewTests.m */,
				507CA5E919438E7F00E3222F /* Supporting Files */,
			);
			path = containerviewTests;
			sourceTree = "<group>";
		};
		507CA5E919438E7F00E3222F /* Supporting Files */ = {
			isa = PBXGroup;
			children = (
				507CA5EA19438E7F00E3222F /* containerviewTests-Info.plist */,
				507CA5EB19438E7F00E3222F /* InfoPlist.strings */,
			);
			name = "Supporting Files";
			sourceTree = "<group>";
		};
/* End PBXGroup section */

/* Begin PBXNativeTarget section */
		507CA5BF19438E7F00E3222F /* containerview */ = {
			isa = PBXNativeTarget;
			buildConfigurationList = 507CA5F219438E7F00E3222F /* Build configuration list for PBXNativeTarget "containerview" */;
			buildPhases = (
				507CA5BC19438E7F00E3222F /* Sources */,
				507CA5BD19438E7F00E3222F /* Frameworks */,
				507CA5BE19438E7F00E3222F /* Resources */,
			);
			buildRules = (
			);
			dependencies = (
			);
			name = containerview;
			productName = containerview;
			productReference = 507CA5C019438E7F00E3222F /* containerview.app */;
			productType = "com.apple.product-type.application";
		};
		507CA5E019438E7F00E3222F /* containerviewTests */ = {
			isa = PBXNativeTarget;
			buildConfigurationList = 507CA5F519438E7F00E3222F /* Build configuration list for PBXNativeTarget "containerviewTests" */;
			buildPhases = (
				507CA5DD19438E7F00E3222F /* Sources */,
				507CA5DE19438E7F00E3222F /* Frameworks */,
				507CA5DF19438E7F00E3222F /* Resources */,
			);
			buildRules = (
			);
			dependencies = (
				507CA5E719438E7F00E3222F /* PBXTargetDependency */,
			);
			name = containerviewTests;
			productName = containerviewTests;
			productReference = 507CA5E119438E7F00E3222F /* containerviewTests.xctest */;
			productType = "com.apple.product-type.bundle.unit-test";
		};
/* End PBXNativeTarget section */

/* Begin PBXProject section */
		507CA5B819438E7F00E3222F /* Project object */ = {
			isa = PBXProject;
			attributes = {
				LastUpgradeCheck = 0510;
				ORGANIZATIONNAME = "shujat ali";
				TargetAttributes = {
					507CA5E019438E7F00E3222F = {
						TestTargetID = 507CA5BF19438E7F00E3222F;
					};
				};
			};
			buildConfigurationList = 507CA5BB19438E7F00E3222F /* Build configuration list for PBXProject "containerview" */;
			compatibilityVersion = "Xcode 3.2";
			developmentRegion = English;
			hasScannedForEncodings = 0;
			knownRegions = (
				en,
				Base,
			);
			mainGroup = 507CA5B719438E7F00E3222F;
			productRefGroup = 507CA5C119438E7F00E3222F /* Products */;
			projectDirPath = "";
			projectRoot = "";
			targets = (
				507CA5BF19438E7F00E3222F /* containerview */,
				507CA5E019438E7F00E3222F /* containerviewTests */,
			);
		};
/* End PBXProject section */

/* Begin PBXResourcesBuildPhase section */
		507CA5BE19438E7F00E3222F /* Resources */ = {
			isa = PBXResourcesBuildPhase;
			buildActionMask = 2147483647;
			files = (
				507CA5DC19438E7F00E3222F /* Images.xcassets in Resources */,
				507CA5CE19438E7F00E3222F /* InfoPlist.strings in Resources */,
				507CA5D719438E7F00E3222F /* Main.storyboard in Resources */,
			);
			runOnlyForDeploymentPostprocessing = 0;
		};
		507CA5DF19438E7F00E3222F /* Resources */ = {
			isa = PBXResourcesBuildPhase;
			buildActionMask = 2147483647;
			files = (
				507CA5ED19438E7F00E3222F /* InfoPlist.strings in Resources */,
			);
			runOnlyForDeploymentPostprocessing = 0;
		};
/* End PBXResourcesBuildPhase section */

/* Begin PBXSourcesBuildPhase section */
		507CA5BC19438E7F00E3222F /* Sources */ = {
			isa = PBXSourcesBuildPhase;
			buildActionMask = 2147483647;
			files = (
				507CA5DA19438E7F00E3222F /* ViewController.m in Sources */,
				507CA5D419438E7F00E3222F /* AppDelegate.m in Sources */,
				507CA5D019438E7F00E3222F /* main.m in Sources */,
			);
			runOnlyForDeploymentPostprocessing = 0;
		};
		507CA5DD19438E7F00E3222F /* Sources */ = {
			isa = PBXSourcesBuildPhase;
			buildActionMask = 2147483647;
			files = (
				507CA5EF19438E7F00E3222F /* containerviewTests.m in Sources */,
			);
			runOnlyForDeploymentPostprocessing = 0;
		};
/* End PBXSourcesBuildPhase section */

/* Begin PBXTargetDependency section */
		507CA5E719438E7F00E3222F /* PBXTargetDependency */ = {
			isa = PBXTargetDependency;
			target = 507CA5BF19438E7F00E3222F /* containerview */;
			targetProxy = 507CA5E619438E7F00E3222F /* PBXContainerItemProxy */;
		};
/* End PBXTargetDependency section */

/* Begin PBXVariantGroup section */
		507CA5CC19438E7F00E3222F /* InfoPlist.strings */ = {
			isa = PBXVariantGroup;
			children = (
				507CA5CD19438E7F00E3222F /* en */,
			);
			name = InfoPlist.strings;
			sourceTree = "<group>";
		};
		507CA5D519438E7F00E3222F /* Main.storyboard */ = {
			isa = PBXVariantGroup;
			children = (
				507CA5D619438E7F00E3222F /* Base */,
			);
			name = Main.storyboard;
			sourceTree = "<group>";
		};
		507CA5EB19438E7F00E3222F /* InfoPlist.strings */ = {
			isa = PBXVariantGroup;
			children = (
				507CA5EC19438E7F00E3222F /* en */,
			);
			name = InfoPlist.strings;
			sourceTree = "<group>";
		};
/* End PBXVariantGroup section */

/* Begin XCBuildConfiguration section */
		507CA5F019438E7F00E3222F /* Debug */ = {
			isa = XCBuildConfiguration;
			buildSettings = {
				ALWAYS_SEARCH_USER_PATHS = NO;
				CLANG_CXX_LANGUAGE_STANDARD = "gnu++0x";
				CLANG_CXX_LIBRARY = "libc++";
				CLANG_ENABLE_MODULES = YES;
				CLANG_ENABLE_OBJC_ARC = YES;
				CLANG_WARN_BOOL_CONVERSION = YES;
				CLANG_WARN_CONSTANT_CONVERSION = YES;
				CLANG_WARN_DIRECT_OBJC_ISA_USAGE = YES_ERROR;
				CLANG_WARN_EMPTY_BODY = YES;
				CLANG_WARN_ENUM_CONVERSION = YES;
				CLANG_WARN_INT_CONVERSION = YES;
				CLANG_WARN_OBJC_ROOT_CLASS = YES_ERROR;
				CLANG_WARN__DUPLICATE_METHOD_MATCH = YES;
				"CODE_SIGN_IDENTITY[sdk=iphoneos*]" = "iPhone Developer";
				COPY_PHASE_STRIP = NO;
				GCC_C_LANGUAGE_STANDARD = gnu99;
				GCC_DYNAMIC_NO_PIC = NO;
				GCC_OPTIMIZATION_LEVEL = 0;
				GCC_PREPROCESSOR_DEFINITIONS = (
					"DEBUG=1",
					"$(inherited)",
				);
				GCC_SYMBOLS_PRIVATE_EXTERN = NO;
				GCC_WARN_64_TO_32_BIT_CONVERSION = YES;
				GCC_WARN_ABOUT_RETURN_TYPE = YES_ERROR;
				GCC_WARN_UNDECLARED_SELECTOR = YES;
				GCC_WARN_UNINITIALIZED_AUTOS = YES_AGGRESSIVE;
				GCC_WARN_UNUSED_FUNCTION = YES;
				GCC_WARN_UNUSED_VARIABLE = YES;
				IPHONEOS_DEPLOYMENT_TARGET = 7.1;
				ONLY_ACTIVE_ARCH = YES;
				SDKROOT = iphoneos;
				TARGETED_DEVICE_FAMILY = 2;
			};
			name = Debug;
		};
		507CA5F119438E7F00E3222F /* Release */ = {
			isa = XCBuildConfiguration;
			buildSettings = {
				ALWAYS_SEARCH_USER_PATHS = NO;
				CLANG_CXX_LANGUAGE_STANDARD = "gnu++0x";
				CLANG_CXX_LIBRARY = "libc++";
				CLANG_ENABLE_MODULES = YES;
				CLANG_ENABLE_OBJC_ARC = YES;
				CLANG_WARN_BOOL_CONVERSION = YES;
				CLANG_WARN_CONSTANT_CONVERSION = YES;
				CLANG_WARN_DIRECT_OBJC_ISA_USAGE = YES_ERROR;
				CLANG_WARN_EMPTY_BODY = YES;
				CLANG_WARN_ENUM_CONVERSION = YES;
				CLANG_WARN_INT_CONVERSION = YES;
				CLANG_WARN_OBJC_ROOT_CLASS = YES_ERROR;
				CLANG_WARN__DUPLICATE_METHOD_MATCH = YES;
				"CODE_SIGN_IDENTITY[sdk=iphoneos*]" = "iPhone Developer";
				COPY_PHASE_STRIP = YES;
				ENABLE_NS_ASSERTIONS = NO;
				GCC_C_LANGUAGE_STANDARD = gnu99;
				GCC_WARN_64_TO_32_BIT_CONVERSION = YES;
				GCC_WARN_ABOUT_RETURN_TYPE = YES_ERROR;
				GCC_WARN_UNDECLARED_SELECTOR = YES;
				GCC_WARN_UNINITIALIZED_AUTOS = YES_AGGRESSIVE;
				GCC_WARN_UNUSED_FUNCTION = YES;
				GCC_WARN_UNUSED_VARIABLE = YES;
				IPHONEOS_DEPLOYMENT_TARGET = 7.1;
				SDKROOT = iphoneos;
				TARGETED_DEVICE_FAMILY = 2;
				VALIDATE_PRODUCT = YES;
			};
			name = Release;
		};
		507CA5F319438E7F00E3222F /* Debug */ = {
			isa = XCBuildConfiguration;
			buildSettings = {
				ASSETCATALOG_COMPILER_APPICON_NAME = AppIcon;
				ASSETCATALOG_COMPILER_LAUNCHIMAGE_NAME = LaunchImage;
				GCC_PRECOMPILE_PREFIX_HEADER = YES;
				GCC_PREFIX_HEADER = "containerview/containerview-Prefix.pch";
				INFOPLIST_FILE = "containerview/containerview-Info.plist";
				PRODUCT_NAME = "$(TARGET_NAME)";
				WRAPPER_EXTENSION = app;
			};
			name = Debug;
		};
		507CA5F419438E7F00E3222F /* Release */ = {
			isa = XCBuildConfiguration;
			buildSettings = {
				ASSETCATALOG_COMPILER_APPICON_NAME = AppIcon;
				ASSETCATALOG_COMPILER_LAUNCHIMAGE_NAME = LaunchImage;
				GCC_PRECOMPILE_PREFIX_HEADER = YES;
				GCC_PREFIX_HEADER = "containerview/containerview-Prefix.pch";
				INFOPLIST_FILE = "containerview/containerview-Info.plist";
				PRODUCT_NAME = "$(TARGET_NAME)";
				WRAPPER_EXTENSION = app;
			};
			name = Release;
		};
		507CA5F619438E7F00E3222F /* Debug */ = {
			isa = XCBuildConfiguration;
			buildSettings = {
				BUNDLE_LOADER = "$(BUILT_PRODUCTS_DIR)/containerview.app/containerview";
				FRAMEWORK_SEARCH_PATHS = (
					"$(SDKROOT)/Developer/Library/Frameworks",
					"$(inherited)",
					"$(DEVELOPER_FRAMEWORKS_DIR)",
				);
				GCC_PRECOMPILE_PREFIX_HEADER = YES;
				GCC_PREFIX_HEADER = "containerview/containerview-Prefix.pch";
				GCC_PREPROCESSOR_DEFINITIONS = (
					"DEBUG=1",
					"$(inherited)",
				);
				INFOPLIST_FILE = "containerviewTests/containerviewTests-Info.plist";
				PRODUCT_NAME = "$(TARGET_NAME)";
				TEST_HOST = "$(BUNDLE_LOADER)";
				WRAPPER_EXTENSION = xctest;
			};
			name = Debug;
		};
		507CA5F719438E7F00E3222F /* Release */ = {
			isa = XCBuildConfiguration;
			buildSettings = {
				BUNDLE_LOADER = "$(BUILT_PRODUCTS_DIR)/containerview.app/containerview";
				FRAMEWORK_SEARCH_PATHS = (
					"$(SDKROOT)/Developer/Library/Frameworks",
					"$(inherited)",
					"$(DEVELOPER_FRAMEWORKS_DIR)",
				);
				GCC_PRECOMPILE_PREFIX_HEADER = YES;
				GCC_PREFIX_HEADER = "containerview/containerview-Prefix.pch";
				INFOPLIST_FILE = "containerviewTests/containerviewTests-Info.plist";
				PRODUCT_NAME = "$(TARGET_NAME)";
				TEST_HOST = "$(BUNDLE_LOADER)";
				WRAPPER_EXTENSION = xctest;
			};
			name = Release;
		};
/* End XCBuildConfiguration section */

/* Begin XCConfigurationList section */
		507CA5BB19438E7F00E3222F /* Build configuration list for PBXProject "containerview" */ = {
			isa = XCConfigurationList;
			buildConfigurations = (
				507CA5F019438E7F00E3222F /* Debug */,
				507CA5F119438E7F00E3222F /* Release */,
			);
			defaultConfigurationIsVisible = 0;
			defaultConfigurationName = Release;
		};
		507CA5F219438E7F00E3222F /* Build configuration list for PBXNativeTarget "containerview" */ = {
			isa = XCConfigurationList;
			buildConfigurations = (
				507CA5F319438E7F00E3222F /* Debug */,
				507CA5F419438E7F00E3222F /* Release */,
			);
			defaultConfigurationIsVisible = 0;
		};
		507CA5F519438E7F00E3222F /* Build configuration list for PBXNativeTarget "containerviewTests" */ = {
			isa = XCConfigurationList;
			buildConfigurations = (
				507CA5F619438E7F00E3222F /* Debug */,
				507CA5F719438E7F00E3222F /* Release */,
			);
			defaultConfigurationIsVisible = 0;
		};
/* End XCConfigurationList section */
	};
	rootObject = 507CA5B819438E7F00E3222F /* Project object */;
}
